
Microsoft Visual Studio Solution File, Format Version 12.00
# Visual Studio Version 16
VisualStudioVersion = 16.0.30204.135
MinimumVisualStudioVersion = 10.0.40219.1
Project("{9A19103F-16F7-4668-BE54-9A1E7A4F7556}") = "Strategy", "Strategy\Strategy.csproj", "{F6204336-CD84-4813-91DA-F0F26A7A89CB}"
EndProject
Global
	GlobalSection(SolutionConfigurationPlatforms) = preSolution
		Debug|Any CPU = Debug|Any CPU
		Release|Any CPU = Release|Any CPU
	EndGlobalSection
	GlobalSection(ProjectConfigurationPlatforms) = postSolution
		{F6204336-CD84-4813-91DA-F0F26A7A89CB}.Debug|Any CPU.ActiveCfg = Debug|Any CPU
		{F6204336-CD84-4813-91DA-F0F26A7A89CB}.Debug|Any CPU.Build.0 = Debug|Any CPU
		{F6204336-CD84-4813-91DA-F0F26A7A89CB}.Release|Any CPU.ActiveCfg = Release|Any CPU
		{F6204336-CD84-4813-91DA-F0F26A7A89CB}.Release|Any CPU.Build.0 = Release|Any CPU
	EndGlobalSection
	GlobalSection(SolutionProperties) = preSolution
		HideSolutionNode = FALSE
	EndGlobalSection
	GlobalSection(ExtensibilityGlobals) = postSolution
		SolutionGuid = {18C45062-64BA-4ED4-A475-F70ECA24AC45}
	EndGlobalSection
EndGlobal
